
Microsoft Visual Studio Solution File, Format Version 12.00
# Visual Studio 14
VisualStudioVersion = 14.0.23107.0
MinimumVisualStudioVersion = 10.0.40219.1
Project("{FAE04EC0-301F-11D3-BF4B-00C04F79EFBC}") = "Grader", "Grader.csproj", "{C4DF26AC-46C9-4D81-8236-16C16F3B3602}"
EndProject
Project("{FAE04EC0-301F-11D3-BF4B-00C04F79EFBC}") = "GraderTest", "..\GraderTest\GraderTest.csproj", "{535FEEAB-EB17-442D-AAD4-8A1167FDCAB6}"
EndProject
Global
	GlobalSection(SolutionConfigurationPlatforms) = preSolution
		Debug|Any CPU = Debug|Any CPU
		Release|Any CPU = Release|Any CPU
	EndGlobalSection
	GlobalSection(ProjectConfigurationPlatforms) = postSolution
		{C4DF26AC-46C9-4D81-8236-16C16F3B3602}.Debug|Any CPU.ActiveCfg = Debug|Any CPU
		{C4DF26AC-46C9-4D81-8236-16C16F3B3602}.Debug|Any CPU.Build.0 = Debug|Any CPU
		{C4DF26AC-46C9-4D81-8236-16C16F3B3602}.Release|Any CPU.ActiveCfg = Release|Any CPU
		{C4DF26AC-46C9-4D81-8236-16C16F3B3602}.Release|Any CPU.Build.0 = Release|Any CPU
		{535FEEAB-EB17-442D-AAD4-8A1167FDCAB6}.Debug|Any CPU.ActiveCfg = Debug|Any CPU
		{535FEEAB-EB17-442D-AAD4-8A1167FDCAB6}.Debug|Any CPU.Build.0 = Debug|Any CPU
		{535FEEAB-EB17-442D-AAD4-8A1167FDCAB6}.Release|Any CPU.ActiveCfg = Release|Any CPU
		{535FEEAB-EB17-442D-AAD4-8A1167FDCAB6}.Release|Any CPU.Build.0 = Release|Any CPU
	EndGlobalSection
	GlobalSection(SolutionProperties) = preSolution
		HideSolutionNode = FALSE
	EndGlobalSection
EndGlobal
